version: 2.0
shards:
  ameba:
    git: https://github.com/crystal-ameba/ameba.git
    version: 1.6.3

  backtracer:
    git: https://github.com/sija/backtracer.cr.git
    version: 1.2.2

  cr-color-logging:
    git: https://github.com/vici37/cr-color-logging.git
    version: 1.0.0+git.commit.268ed66748540fdb197af9f5d35e09cec64dbe1a

  dotenv:
    git: https://github.com/gdotdesign/cr-dotenv.git
    version: 1.0.0

  exception_page:
    git: https://github.com/crystal-loot/exception_page.git
    version: 0.4.1

  grip:
    git: https://github.com/grip-framework/grip.git
    version: 3.0.1

  pool:
    git: https://github.com/ysbaddaden/pool.git
    version: 0.2.4

  radix:
    git: https://github.com/luislavena/radix.git
    version: 0.4.1

  redis:
    git: https://github.com/stefanwille/crystal-redis.git
    version: 2.9.1

